
Microsoft Visual Studio Solution File, Format Version 12.00
# Visual Studio Version 17
VisualStudioVersion = 17.7.34003.232
MinimumVisualStudioVersion = 10.0.40219.1
Project("{FAE04EC0-301F-11D3-BF4B-00C04F79EFBC}") = "NewTalents", "NewTalents\NewTalents.csproj", "{22A511A6-2343-4929-9D3E-A4BD86E3893D}"
EndProject
Project("{FAE04EC0-301F-11D3-BF4B-00C04F79EFBC}") = "TestNewTalents", "TestNewTalents\TestNewTalents.csproj", "{2F35A817-5972-447D-A4A9-C8075BF74F38}"
EndProject
Global
	GlobalSection(SolutionConfigurationPlatforms) = preSolution
		Debug|Any CPU = Debug|Any CPU
		Release|Any CPU = Release|Any CPU
	EndGlobalSection
	GlobalSection(ProjectConfigurationPlatforms) = postSolution
		{22A511A6-2343-4929-9D3E-A4BD86E3893D}.Debug|Any CPU.ActiveCfg = Debug|Any CPU
		{22A511A6-2343-4929-9D3E-A4BD86E3893D}.Debug|Any CPU.Build.0 = Debug|Any CPU
		{22A511A6-2343-4929-9D3E-A4BD86E3893D}.Release|Any CPU.ActiveCfg = Release|Any CPU
		{22A511A6-2343-4929-9D3E-A4BD86E3893D}.Release|Any CPU.Build.0 = Release|Any CPU
		{2F35A817-5972-447D-A4A9-C8075BF74F38}.Debug|Any CPU.ActiveCfg = Debug|Any CPU
		{2F35A817-5972-447D-A4A9-C8075BF74F38}.Debug|Any CPU.Build.0 = Debug|Any CPU
		{2F35A817-5972-447D-A4A9-C8075BF74F38}.Release|Any CPU.ActiveCfg = Release|Any CPU
		{2F35A817-5972-447D-A4A9-C8075BF74F38}.Release|Any CPU.Build.0 = Release|Any CPU
	EndGlobalSection
	GlobalSection(SolutionProperties) = preSolution
		HideSolutionNode = FALSE
	EndGlobalSection
	GlobalSection(ExtensibilityGlobals) = postSolution
		SolutionGuid = {68B1B722-3C45-4765-824D-AAFCFBF2028B}
	EndGlobalSection
EndGlobal
